
Microsoft Visual Studio Solution File, Format Version 12.00
# Visual Studio Version 17
VisualStudioVersion = 17.4.33213.308
MinimumVisualStudioVersion = 10.0.40219.1
Project("{FAE04EC0-301F-11D3-BF4B-00C04F79EFBC}") = "Aula15Atividade", "Aula15Atividade\Aula15Atividade.csproj", "{9D275278-BADC-4462-891B-F310F6D02404}"
EndProject
Global
	GlobalSection(SolutionConfigurationPlatforms) = preSolution
		Debug|Any CPU = Debug|Any CPU
		Release|Any CPU = Release|Any CPU
	EndGlobalSection
	GlobalSection(ProjectConfigurationPlatforms) = postSolution
		{9D275278-BADC-4462-891B-F310F6D02404}.Debug|Any CPU.ActiveCfg = Debug|Any CPU
		{9D275278-BADC-4462-891B-F310F6D02404}.Debug|Any CPU.Build.0 = Debug|Any CPU
		{9D275278-BADC-4462-891B-F310F6D02404}.Release|Any CPU.ActiveCfg = Release|Any CPU
		{9D275278-BADC-4462-891B-F310F6D02404}.Release|Any CPU.Build.0 = Release|Any CPU
	EndGlobalSection
	GlobalSection(SolutionProperties) = preSolution
		HideSolutionNode = FALSE
	EndGlobalSection
	GlobalSection(ExtensibilityGlobals) = postSolution
		SolutionGuid = {9181D044-47CC-4F58-9953-7A050884723B}
	EndGlobalSection
EndGlobal
